
Microsoft Visual Studio Solution File, Format Version 12.00
# Visual Studio Version 16
VisualStudioVersion = 16.0.29403.142
MinimumVisualStudioVersion = 10.0.40219.1
Project("{FAE04EC0-301F-11D3-BF4B-00C04F79EFBC}") = "PlaneDepartureTracking", "PlaneDepartureTracking\PlaneDepartureTracking.csproj", "{89805A70-5895-42E5-8A0D-99052189C4AF}"
EndProject
Project("{FAE04EC0-301F-11D3-BF4B-00C04F79EFBC}") = "PlaneDepartureTrackingMSTest", "PlaneDepartureTrackingMSTest\PlaneDepartureTrackingMSTest.csproj", "{EFDC8F2C-AE84-4E60-86E4-D7538FC690FE}"
EndProject
Global
	GlobalSection(SolutionConfigurationPlatforms) = preSolution
		Debug|Any CPU = Debug|Any CPU
		Release|Any CPU = Release|Any CPU
	EndGlobalSection
	GlobalSection(ProjectConfigurationPlatforms) = postSolution
		{89805A70-5895-42E5-8A0D-99052189C4AF}.Debug|Any CPU.ActiveCfg = Debug|Any CPU
		{89805A70-5895-42E5-8A0D-99052189C4AF}.Debug|Any CPU.Build.0 = Debug|Any CPU
		{89805A70-5895-42E5-8A0D-99052189C4AF}.Release|Any CPU.ActiveCfg = Release|Any CPU
		{89805A70-5895-42E5-8A0D-99052189C4AF}.Release|Any CPU.Build.0 = Release|Any CPU
		{EFDC8F2C-AE84-4E60-86E4-D7538FC690FE}.Debug|Any CPU.ActiveCfg = Debug|Any CPU
		{EFDC8F2C-AE84-4E60-86E4-D7538FC690FE}.Debug|Any CPU.Build.0 = Debug|Any CPU
		{EFDC8F2C-AE84-4E60-86E4-D7538FC690FE}.Release|Any CPU.ActiveCfg = Release|Any CPU
		{EFDC8F2C-AE84-4E60-86E4-D7538FC690FE}.Release|Any CPU.Build.0 = Release|Any CPU
	EndGlobalSection
	GlobalSection(SolutionProperties) = preSolution
		HideSolutionNode = FALSE
	EndGlobalSection
	GlobalSection(ExtensibilityGlobals) = postSolution
		SolutionGuid = {0AAD2EF9-D8D9-4647-AF79-D0B502C25EF7}
	EndGlobalSection
EndGlobal
